# This file is automatically @generated by Poetry 2.1.2 and should not be changed by hand.

[[package]]
name = "redis"
version = "6.2.0"
description = "Python client for Redis database and key-value store"
optional = false
python-versions = ">=3.9"
groups = ["main"]
files = [
    {file = "redis-6.2.0-py3-none-any.whl", hash = "sha256:c8ddf316ee0aab65f04a11229e94a64b2618451dab7a67cb2f77eb799d872d5e"},
    {file = "redis-6.2.0.tar.gz", hash = "sha256:e821f129b75dde6cb99dd35e5c76e8c49512a5a0d8dfdc560b2fbd44b85ca977"},
]

[package.extras]
hiredis = ["hiredis (>=3.2.0)"]
jwt = ["pyjwt (>=2.9.0)"]
ocsp = ["cryptography (>=36.0.1)", "pyopenssl (>=20.0.1)", "requests (>=2.31.0)"]

[metadata]
lock-version = "2.1"
python-versions = ">=3.13"
content-hash = "d97e7700ef1aa5dc64f704da9bc92bd9579b69bc4eec37e67962921be109f356"
